{
  "lib/chainlink-brownie-contracts": {
    "tag": {
      "name": "1.2.0",
      "rev": "6e324d8ad9fbb5519186ad9f1eaf99704de4c915"
    }
  },
  "lib/forge-std": {
    "tag": {
      "name": "v1.10.0",
      "rev": "8bbcf6e3f8f62f419e5429a0bd89331c85c37824"
    }
  },
  "lib/openzeppelin-contracts-upgradeable": {
    "tag": {
      "name": "v5.0.2",
      "rev": "723f8cab09cdae1aca9ec9cc1cfa040c2d4b06c1"
    }
  },
  "lib/pyth-sdk-solidity": {
    "tag": {
      "name": "v2.2.0",
      "rev": "11d6bcfc2e56885535a9a8e3c8417847cb20be14"
    }
  }
}